{
  "lockfileVersion": 1,
  "configVersion": 1,
  "workspaces": {
    "": {
      "name": "warthog-ts",
      "dependencies": {
        "elliptic": "^6.6.1",
      },
      "devDependencies": {
        "@types/bun": "latest",
        "@types/elliptic": "^6.4.18",
        "typescript": "^5",
      },
    },
  },
  "packages": {
    "@types/bn.js": ["@types/bn.js@5.2.0", "https://registry.npmmirror.com/@types/bn.js/-/bn.js-5.2.0.tgz", { "dependencies": { "@types/node": "*" } }, "sha512-DLbJ1BPqxvQhIGbeu8VbUC1DiAiahHtAYvA0ZEAa4P31F7IaArc8z3C3BRQdWX4mtLQuABG4yzp76ZrS02Ui1Q=="],

    "@types/bun": ["@types/bun@1.3.9", "https://registry.npmmirror.com/@types/bun/-/bun-1.3.9.tgz", { "dependencies": { "bun-types": "1.3.9" } }, "sha512-KQ571yULOdWJiMH+RIWIOZ7B2RXQGpL1YQrBtLIV3FqDcCu6FsbFUBwhdKUlCKUpS3PJDsHlJ1QKlpxoVR+xtw=="],

    "@types/elliptic": ["@types/elliptic@6.4.18", "https://registry.npmmirror.com/@types/elliptic/-/elliptic-6.4.18.tgz", { "dependencies": { "@types/bn.js": "*" } }, "sha512-UseG6H5vjRiNpQvrhy4VF/JXdA3V/Fp5amvveaL+fs28BZ6xIKJBPnUPRlEaZpysD9MbpfaLi8lbl7PGUAkpWw=="],

    "@types/node": ["@types/node@25.2.3", "https://registry.npmmirror.com/@types/node/-/node-25.2.3.tgz", { "dependencies": { "undici-types": "~7.16.0" } }, "sha512-m0jEgYlYz+mDJZ2+F4v8D1AyQb+QzsNqRuI7xg1VQX/KlKS0qT9r1Mo16yo5F/MtifXFgaofIFsdFMox2SxIbQ=="],

    "bn.js": ["bn.js@4.12.3", "https://registry.npmmirror.com/bn.js/-/bn.js-4.12.3.tgz", {}, "sha512-fGTi3gxV/23FTYdAoUtLYp6qySe2KE3teyZitipKNRuVYcBkoP/bB3guXN/XVKUe9mxCHXnc9C4ocyz8OmgN0g=="],

    "brorand": ["brorand@1.1.0", "https://registry.npmmirror.com/brorand/-/brorand-1.1.0.tgz", {}, "sha512-cKV8tMCEpQs4hK/ik71d6LrPOnpkpGBR0wzxqr68g2m/LB2GxVYQroAjMJZRVM1Y4BCjCKc3vAamxSzOY2RP+w=="],

    "bun-types": ["bun-types@1.3.9", "https://registry.npmmirror.com/bun-types/-/bun-types-1.3.9.tgz", { "dependencies": { "@types/node": "*" } }, "sha512-+UBWWOakIP4Tswh0Bt0QD0alpTY8cb5hvgiYeWCMet9YukHbzuruIEeXC2D7nMJPB12kbh8C7XJykSexEqGKJg=="],

    "elliptic": ["elliptic@6.6.1", "https://registry.npmmirror.com/elliptic/-/elliptic-6.6.1.tgz", { "dependencies": { "bn.js": "^4.11.9", "brorand": "^1.1.0", "hash.js": "^1.0.0", "hmac-drbg": "^1.0.1", "inherits": "^2.0.4", "minimalistic-assert": "^1.0.1", "minimalistic-crypto-utils": "^1.0.1" } }, "sha512-RaddvvMatK2LJHqFJ+YA4WysVN5Ita9E35botqIYspQ4TkRAlCicdzKOjlyv/1Za5RyTNn7di//eEV0uTAfe3g=="],

    "hash.js": ["hash.js@1.1.7", "https://registry.npmmirror.com/hash.js/-/hash.js-1.1.7.tgz", { "dependencies": { "inherits": "^2.0.3", "minimalistic-assert": "^1.0.1" } }, "sha512-taOaskGt4z4SOANNseOviYDvjEJinIkRgmp7LbKP2YTTmVxWBl87s/uzK9r+44BclBSp2X7K1hqeNfz9JbBeXA=="],

    "hmac-drbg": ["hmac-drbg@1.0.1", "https://registry.npmmirror.com/hmac-drbg/-/hmac-drbg-1.0.1.tgz", { "dependencies": { "hash.js": "^1.0.3", "minimalistic-assert": "^1.0.0", "minimalistic-crypto-utils": "^1.0.1" } }, "sha512-Tti3gMqLdZfhOQY1Mzf/AanLiqh1WTiJgEj26ZuYQ9fbkLomzGchCws4FyrSd4VkpBfiNhaE1On+lOz894jvXg=="],

    "inherits": ["inherits@2.0.4", "https://registry.npmmirror.com/inherits/-/inherits-2.0.4.tgz", {}, "sha512-k/vGaX4/Yla3WzyMCvTQOXYeIHvqOKtnqBduzTHpzpQZzAskKMhZ2K+EnBiSM9zGSoIFeMpXKxa4dYeZIQqewQ=="],

    "minimalistic-assert": ["minimalistic-assert@1.0.1", "https://registry.npmmirror.com/minimalistic-assert/-/minimalistic-assert-1.0.1.tgz", {}, "sha512-UtJcAD4yEaGtjPezWuO9wC4nwUnVH/8/Im3yEHQP4b67cXlD/Qr9hdITCU1xDbSEXg2XKNaP8jsReV7vQd00/A=="],

    "minimalistic-crypto-utils": ["minimalistic-crypto-utils@1.0.1", "https://registry.npmmirror.com/minimalistic-crypto-utils/-/minimalistic-crypto-utils-1.0.1.tgz", {}, "sha512-JIYlbt6g8i5jKfJ3xz7rF0LXmv2TkDxBLUkiBeZ7bAx4GnnNMr8xFpGnOxn6GhTEHx3SjRrZEoU+j04prX1ktg=="],

    "typescript": ["typescript@5.9.3", "https://registry.npmmirror.com/typescript/-/typescript-5.9.3.tgz", { "bin": { "tsc": "bin/tsc", "tsserver": "bin/tsserver" } }, "sha512-jl1vZzPDinLr9eUt3J/t7V6FgNEw9QjvBPdysz9KfQDD41fQrC2Y4vKQdiaUpFT4bXlb1RHhLpp8wtm6M5TgSw=="],

    "undici-types": ["undici-types@7.16.0", "https://registry.npmmirror.com/undici-types/-/undici-types-7.16.0.tgz", {}, "sha512-Zz+aZWSj8LE6zoxD+xrjh4VfkIG8Ya6LvYkZqtUQGJPZjYl53ypCaUwWqo7eI0x66KBGeRo+mlBEkMSeSZ38Nw=="],
  }
}
